// !$*UTF8*$!
{
	archiveVersion = 1;
	classes = {
	};
	objectVersion = 48;
	objects = {

/* Begin PBXBuildFile section */
		384305EE20095F66007DE467 /* AppDelegate.swift in Sources */ = {isa = PBXBuildFile; fileRef = 384305ED20095F66007DE467 /* AppDelegate.swift */; };
		384305F020095F66007DE467 /* ViewController.swift in Sources */ = {isa = PBXBuildFile; fileRef = 384305EF20095F66007DE467 /* ViewController.swift */; };
		384305F320095F66007DE467 /* Main.storyboard in Resources */ = {isa = PBXBuildFile; fileRef = 384305F120095F66007DE467 /* Main.storyboard */; };
		384305F520095F66007DE467 /* Assets.xcassets in Resources */ = {isa = PBXBuildFile; fileRef = 384305F420095F66007DE467 /* Assets.xcassets */; };
		384305F820095F66007DE467 /* LaunchScreen.storyboard in Resources */ = {isa = PBXBuildFile; fileRef = 384305F620095F66007DE467 /* LaunchScreen.storyboard */; };
		384306072009656C007DE467 /* note4.wav in Resources */ = {isa = PBXBuildFile; fileRef = 384306002009656C007DE467 /* note4.wav */; };
		384306082009656C007DE467 /* note1.wav in Resources */ = {isa = PBXBuildFile; fileRef = 384306012009656C007DE467 /* note1.wav */; };
		384306092009656C007DE467 /* note6.wav in Resources */ = {isa = PBXBuildFile; fileRef = 384306022009656C007DE467 /* note6.wav */; };
		3843060A2009656C007DE467 /* note5.wav in Resources */ = {isa = PBXBuildFile; fileRef = 384306032009656C007DE467 /* note5.wav */; };
		3843060B2009656C007DE467 /* note3.wav in Resources */ = {isa = PBXBuildFile; fileRef = 384306042009656C007DE467 /* note3.wav */; };
		3843060C2009656C007DE467 /* note2.wav in Resources */ = {isa = PBXBuildFile; fileRef = 384306052009656C007DE467 /* note2.wav */; };
		3843060D2009656C007DE467 /* note7.wav in Resources */ = {isa = PBXBuildFile; fileRef = 384306062009656C007DE467 /* note7.wav */; };
/* End PBXBuildFile section */

/* Begin PBXFileReference section */
		384305EA20095F66007DE467 /* RandomTuner.app */ = {isa = PBXFileReference; explicitFileType = wrapper.application; includeInIndex = 0; path = RandomTuner.app; sourceTree = BUILT_PRODUCTS_DIR; };
		384305ED20095F66007DE467 /* AppDelegate.swift */ = {isa = PBXFileReference; lastKnownFileType = sourcecode.swift; path = AppDelegate.swift; sourceTree = "<group>"; };
		384305EF20095F66007DE467 /* ViewController.swift */ = {isa = PBXFileReference; lastKnownFileType = sourcecode.swift; path = ViewController.swift; sourceTree = "<group>"; };
		384305F220095F66007DE467 /* Base */ = {isa = PBXFileReference; lastKnownFileType = file.storyboard; name = Base; path = Base.lproj/Main.storyboard; sourceTree = "<group>"; };
		384305F420095F66007DE467 /* Assets.xcassets */ = {isa = PBXFileReference; lastKnownFileType = folder.assetcatalog; path = Assets.xcassets; sourceTree = "<group>"; };
		384305F720095F66007DE467 /* Base */ = {isa = PBXFileReference; lastKnownFileType = file.storyboard; name = Base; path = Base.lproj/LaunchScreen.storyboard; sourceTree = "<group>"; };
		384305F920095F66007DE467 /* Info.plist */ = {isa = PBXFileReference; lastKnownFileType = text.plist.xml; path = Info.plist; sourceTree = "<group>"; };
		384306002009656C007DE467 /* note4.wav */ = {isa = PBXFileReference; lastKnownFileType = audio.wav; path = note4.wav; sourceTree = "<group>"; };
		384306012009656C007DE467 /* note1.wav */ = {isa = PBXFileReference; lastKnownFileType = audio.wav; path = note1.wav; sourceTree = "<group>"; };
		384306022009656C007DE467 /* note6.wav */ = {isa = PBXFileReference; lastKnownFileType = audio.wav; path = note6.wav; sourceTree = "<group>"; };
		384306032009656C007DE467 /* note5.wav */ = {isa = PBXFileReference; lastKnownFileType = audio.wav; path = note5.wav; sourceTree = "<group>"; };
		384306042009656C007DE467 /* note3.wav */ = {isa = PBXFileReference; lastKnownFileType = audio.wav; path = note3.wav; sourceTree = "<group>"; };
		384306052009656C007DE467 /* note2.wav */ = {isa = PBXFileReference; lastKnownFileType = audio.wav; path = note2.wav; sourceTree = "<group>"; };
		384306062009656C007DE467 /* note7.wav */ = {isa = PBXFileReference; lastKnownFileType = audio.wav; path = note7.wav; sourceTree = "<group>"; };
/* End PBXFileReference section */

/* Begin PBXFrameworksBuildPhase section */
		384305E720095F66007DE467 /* Frameworks */ = {
			isa = PBXFrameworksBuildPhase;
			buildActionMask = 2147483647;
			files = (
			);
			runOnlyForDeploymentPostprocessing = 0;
		};
/* End PBXFrameworksBuildPhase section */

/* Begin PBXGroup section */
		384305E120095F66007DE467 = {
			isa = PBXGroup;
			children = (
				384305EC20095F66007DE467 /* RandomTuner */,
				384305EB20095F66007DE467 /* Products */,
			);
			sourceTree = "<group>";
		};
		384305EB20095F66007DE467 /* Products */ = {
			isa = PBXGroup;
			children = (
				384305EA20095F66007DE467 /* RandomTuner.app */,
			);
			name = Products;
			sourceTree = "<group>";
		};
		384305EC20095F66007DE467 /* RandomTuner */ = {
			isa = PBXGroup;
			children = (
				384305ED20095F66007DE467 /* AppDelegate.swift */,
				384305EF20095F66007DE467 /* ViewController.swift */,
				384305F420095F66007DE467 /* Assets.xcassets */,
				384305F620095F66007DE467 /* LaunchScreen.storyboard */,
				384305F920095F66007DE467 /* Info.plist */,
				384305F120095F66007DE467 /* Main.storyboard */,
				384306012009656C007DE467 /* note1.wav */,
				384306052009656C007DE467 /* note2.wav */,
				384306042009656C007DE467 /* note3.wav */,
				384306002009656C007DE467 /* note4.wav */,
				384306032009656C007DE467 /* note5.wav */,
				384306022009656C007DE467 /* note6.wav */,
				384306062009656C007DE467 /* note7.wav */,
			);
			path = RandomTuner;
			sourceTree = "<group>";
		};
/* End PBXGroup section */

/* Begin PBXNativeTarget section */
		384305E920095F66007DE467 /* RandomTuner */ = {
			isa = PBXNativeTarget;
			buildConfigurationList = 384305FC20095F66007DE467 /* Build configuration list for PBXNativeTarget "RandomTuner" */;
			buildPhases = (
				384305E620095F66007DE467 /* Sources */,
				384305E720095F66007DE467 /* Frameworks */,
				384305E820095F66007DE467 /* Resources */,
			);
			buildRules = (
			);
			dependencies = (
			);
			name = RandomTuner;
			productName = RandomTuner;
			productReference = 384305EA20095F66007DE467 /* RandomTuner.app */;
			productType = "com.apple.product-type.application";
		};
/* End PBXNativeTarget section */

/* Begin PBXProject section */
		384305E220095F66007DE467 /* Project object */ = {
			isa = PBXProject;
			attributes = {
				LastSwiftUpdateCheck = 0920;
				LastUpgradeCheck = 0920;
				ORGANIZATIONNAME = Rotmex;
				TargetAttributes = {
					384305E920095F66007DE467 = {
						CreatedOnToolsVersion = 9.2;
						ProvisioningStyle = Automatic;
					};
				};
			};
			buildConfigurationList = 384305E520095F66007DE467 /* Build configuration list for PBXProject "RandomTuner" */;
			compatibilityVersion = "Xcode 8.0";
			developmentRegion = en;
			hasScannedForEncodings = 0;
			knownRegions = (
				en,
				Base,
			);
			mainGroup = 384305E120095F66007DE467;
			productRefGroup = 384305EB20095F66007DE467 /* Products */;
			projectDirPath = "";
			projectRoot = "";
			targets = (
				384305E920095F66007DE467 /* RandomTuner */,
			);
		};
/* End PBXProject section */

/* Begin PBXResourcesBuildPhase section */
		384305E820095F66007DE467 /* Resources */ = {
			isa = PBXResourcesBuildPhase;
			buildActionMask = 2147483647;
			files = (
				3843060C2009656C007DE467 /* note2.wav in Resources */,
				384305F820095F66007DE467 /* LaunchScreen.storyboard in Resources */,
				384305F520095F66007DE467 /* Assets.xcassets in Resources */,
				384305F320095F66007DE467 /* Main.storyboard in Resources */,
				384306092009656C007DE467 /* note6.wav in Resources */,
				384306082009656C007DE467 /* note1.wav in Resources */,
				3843060D2009656C007DE467 /* note7.wav in Resources */,
				384306072009656C007DE467 /* note4.wav in Resources */,
				3843060B2009656C007DE467 /* note3.wav in Resources */,
				3843060A2009656C007DE467 /* note5.wav in Resources */,
			);
			runOnlyForDeploymentPostprocessing = 0;
		};
/* End PBXResourcesBuildPhase section */

/* Begin PBXSourcesBuildPhase section */
		384305E620095F66007DE467 /* Sources */ = {
			isa = PBXSourcesBuildPhase;
			buildActionMask = 2147483647;
			files = (
				384305F020095F66007DE467 /* ViewController.swift in Sources */,
				384305EE20095F66007DE467 /* AppDelegate.swift in Sources */,
			);
			runOnlyForDeploymentPostprocessing = 0;
		};
/* End PBXSourcesBuildPhase section */

/* Begin PBXVariantGroup section */
		384305F120095F66007DE467 /* Main.storyboard */ = {
			isa = PBXVariantGroup;
			children = (
				384305F220095F66007DE467 /* Base */,
			);
			name = Main.storyboard;
			sourceTree = "<group>";
		};
		384305F620095F66007DE467 /* LaunchScreen.storyboard */ = {
			isa = PBXVariantGroup;
			children = (
				384305F720095F66007DE467 /* Base */,
			);
			name = LaunchScreen.storyboard;
			sourceTree = "<group>";
		};
/* End PBXVariantGroup section */

/* Begin XCBuildConfiguration section */
		384305FA20095F66007DE467 /* Debug */ = {
			isa = XCBuildConfiguration;
			buildSettings = {
				ALWAYS_SEARCH_USER_PATHS = NO;
				CLANG_ANALYZER_NONNULL = YES;
				CLANG_ANALYZER_NUMBER_OBJECT_CONVERSION = YES_AGGRESSIVE;
				CLANG_CXX_LANGUAGE_STANDARD = "gnu++14";
				CLANG_CXX_LIBRARY = "libc++";
				CLANG_ENABLE_MODULES = YES;
				CLANG_ENABLE_OBJC_ARC = YES;
				CLANG_WARN_BLOCK_CAPTURE_AUTORELEASING = YES;
				CLANG_WARN_BOOL_CONVERSION = YES;
				CLANG_WARN_COMMA = YES;
				CLANG_WARN_CONSTANT_CONVERSION = YES;
				CLANG_WARN_DIRECT_OBJC_ISA_USAGE = YES_ERROR;
				CLANG_WARN_DOCUMENTATION_COMMENTS = YES;
				CLANG_WARN_EMPTY_BODY = YES;
				CLANG_WARN_ENUM_CONVERSION = YES;
				CLANG_WARN_INFINITE_RECURSION = YES;
				CLANG_WARN_INT_CONVERSION = YES;
				CLANG_WARN_NON_LITERAL_NULL_CONVERSION = YES;
				CLANG_WARN_OBJC_LITERAL_CONVERSION = YES;
				CLANG_WARN_OBJC_ROOT_CLASS = YES_ERROR;
				CLANG_WARN_RANGE_LOOP_ANALYSIS = YES;
				CLANG_WARN_STRICT_PROTOTYPES = YES;
				CLANG_WARN_SUSPICIOUS_MOVE = YES;
				CLANG_WARN_UNGUARDED_AVAILABILITY = YES_AGGRESSIVE;
				CLANG_WARN_UNREACHABLE_CODE = YES;
				CLANG_WARN__DUPLICATE_METHOD_MATCH = YES;
				CODE_SIGN_IDENTITY = "iPhone Developer";
				COPY_PHASE_STRIP = NO;
				DEBUG_INFORMATION_FORMAT = dwarf;
				ENABLE_STRICT_OBJC_MSGSEND = YES;
				ENABLE_TESTABILITY = YES;
				GCC_C_LANGUAGE_STANDARD = gnu11;
				GCC_DYNAMIC_NO_PIC = NO;
				GCC_NO_COMMON_BLOCKS = YES;
				GCC_OPTIMIZATION_LEVEL = 0;
				GCC_PREPROCESSOR_DEFINITIONS = (
					"DEBUG=1",
					"$(inherited)",
				);
				GCC_WARN_64_TO_32_BIT_CONVERSION = YES;
				GCC_WARN_ABOUT_RETURN_TYPE = YES_ERROR;
				GCC_WARN_UNDECLARED_SELECTOR = YES;
				GCC_WARN_UNINITIALIZED_AUTOS = YES_AGGRESSIVE;
				GCC_WARN_UNUSED_FUNCTION = YES;
				GCC_WARN_UNUSED_VARIABLE = YES;
				IPHONEOS_DEPLOYMENT_TARGET = 11.2;
				MTL_ENABLE_DEBUG_INFO = YES;
				ONLY_ACTIVE_ARCH = YES;
				SDKROOT = iphoneos;
				SWIFT_ACTIVE_COMPILATION_CONDITIONS = DEBUG;
				SWIFT_OPTIMIZATION_LEVEL = "-Onone";
			};
			name = Debug;
		};
		384305FB20095F66007DE467 /* Release */ = {
			isa = XCBuildConfiguration;
			buildSettings = {
				ALWAYS_SEARCH_USER_PATHS = NO;
				CLANG_ANALYZER_NONNULL = YES;
				CLANG_ANALYZER_NUMBER_OBJECT_CONVERSION = YES_AGGRESSIVE;
				CLANG_CXX_LANGUAGE_STANDARD = "gnu++14";
				CLANG_CXX_LIBRARY = "libc++";
				CLANG_ENABLE_MODULES = YES;
				CLANG_ENABLE_OBJC_ARC = YES;
				CLANG_WARN_BLOCK_CAPTURE_AUTORELEASING = YES;
				CLANG_WARN_BOOL_CONVERSION = YES;
				CLANG_WARN_COMMA = YES;
				CLANG_WARN_CONSTANT_CONVERSION = YES;
				CLANG_WARN_DIRECT_OBJC_ISA_USAGE = YES_ERROR;
				CLANG_WARN_DOCUMENTATION_COMMENTS = YES;
				CLANG_WARN_EMPTY_BODY = YES;
				CLANG_WARN_ENUM_CONVERSION = YES;
				CLANG_WARN_INFINITE_RECURSION = YES;
				CLANG_WARN_INT_CONVERSION = YES;
				CLANG_WARN_NON_LITERAL_NULL_CONVERSION = YES;
				CLANG_WARN_OBJC_LITERAL_CONVERSION = YES;
				CLANG_WARN_OBJC_ROOT_CLASS = YES_ERROR;
				CLANG_WARN_RANGE_LOOP_ANALYSIS = YES;
				CLANG_WARN_STRICT_PROTOTYPES = YES;
				CLANG_WARN_SUSPICIOUS_MOVE = YES;
				CLANG_WARN_UNGUARDED_AVAILABILITY = YES_AGGRESSIVE;
				CLANG_WARN_UNREACHABLE_CODE = YES;
				CLANG_WARN__DUPLICATE_METHOD_MATCH = YES;
				CODE_SIGN_IDENTITY = "iPhone Developer";
				COPY_PHASE_STRIP = NO;
				DEBUG_INFORMATION_FORMAT = "dwarf-with-dsym";
				ENABLE_NS_ASSERTIONS = NO;
				ENABLE_STRICT_OBJC_MSGSEND = YES;
				GCC_C_LANGUAGE_STANDARD = gnu11;
				GCC_NO_COMMON_BLOCKS = YES;
				GCC_WARN_64_TO_32_BIT_CONVERSION = YES;
				GCC_WARN_ABOUT_RETURN_TYPE = YES_ERROR;
				GCC_WARN_UNDECLARED_SELECTOR = YES;
				GCC_WARN_UNINITIALIZED_AUTOS = YES_AGGRESSIVE;
				GCC_WARN_UNUSED_FUNCTION = YES;
				GCC_WARN_UNUSED_VARIABLE = YES;
				IPHONEOS_DEPLOYMENT_TARGET = 11.2;
				MTL_ENABLE_DEBUG_INFO = NO;
				SDKROOT = iphoneos;
				SWIFT_OPTIMIZATION_LEVEL = "-Owholemodule";
				VALIDATE_PRODUCT = YES;
			};
			name = Release;
		};
		384305FD20095F66007DE467 /* Debug */ = {
			isa = XCBuildConfiguration;
			buildSettings = {
				ASSETCATALOG_COMPILER_APPICON_NAME = AppIcon;
				CODE_SIGN_STYLE = Automatic;
				DEVELOPMENT_TEAM = 5XKRG5G5EM;
				INFOPLIST_FILE = RandomTuner/Info.plist;
				LD_RUNPATH_SEARCH_PATHS = "$(inherited) @executable_path/Frameworks";
				PRODUCT_BUNDLE_IDENTIFIER = com.rotmex.RandomTuner;
				PRODUCT_NAME = "$(TARGET_NAME)";
				SWIFT_VERSION = 4.0;
				TARGETED_DEVICE_FAMILY = "1,2";
			};
			name = Debug;
		};
		384305FE20095F66007DE467 /* Release */ = {
			isa = XCBuildConfiguration;
			buildSettings = {
				ASSETCATALOG_COMPILER_APPICON_NAME = AppIcon;
				CODE_SIGN_STYLE = Automatic;
				DEVELOPMENT_TEAM = 5XKRG5G5EM;
				INFOPLIST_FILE = RandomTuner/Info.plist;
				LD_RUNPATH_SEARCH_PATHS = "$(inherited) @executable_path/Frameworks";
				PRODUCT_BUNDLE_IDENTIFIER = com.rotmex.RandomTuner;
				PRODUCT_NAME = "$(TARGET_NAME)";
				SWIFT_VERSION = 4.0;
				TARGETED_DEVICE_FAMILY = "1,2";
			};
			name = Release;
		};
/* End XCBuildConfiguration section */

/* Begin XCConfigurationList section */
		384305E520095F66007DE467 /* Build configuration list for PBXProject "RandomTuner" */ = {
			isa = XCConfigurationList;
			buildConfigurations = (
				384305FA20095F66007DE467 /* Debug */,
				384305FB20095F66007DE467 /* Release */,
			);
			defaultConfigurationIsVisible = 0;
			defaultConfigurationName = Release;
		};
		384305FC20095F66007DE467 /* Build configuration list for PBXNativeTarget "RandomTuner" */ = {
			isa = XCConfigurationList;
			buildConfigurations = (
				384305FD20095F66007DE467 /* Debug */,
				384305FE20095F66007DE467 /* Release */,
			);
			defaultConfigurationIsVisible = 0;
			defaultConfigurationName = Release;
		};
/* End XCConfigurationList section */
	};
	rootObject = 384305E220095F66007DE467 /* Project object */;
}
